
Microsoft Visual Studio Solution File, Format Version 12.00
# Visual Studio Version 16
VisualStudioVersion = 16.0.30011.22
MinimumVisualStudioVersion = 10.0.40219.1
Project("{FAE04EC0-301F-11D3-BF4B-00C04F79EFBC}") = "EyeCare", "EyeCare.csproj", "{90780B52-D8F1-4B92-8486-E4EF6506546A}"
EndProject
Project("{C7167F0D-BC9F-4E6E-AFE1-012C56B48DB5}") = "MSIX", "MSIX\MSIX.wapproj", "{64303177-6340-43B7-AE5C-26DFE2A80B2F}"
EndProject
Global
	GlobalSection(SolutionConfigurationPlatforms) = preSolution
		Debug|Any CPU = Debug|Any CPU
		Debug|ARM = Debug|ARM
		Debug|ARM64 = Debug|ARM64
		Debug|x64 = Debug|x64
		Debug|x86 = Debug|x86
		Release|Any CPU = Release|Any CPU
		Release|ARM = Release|ARM
		Release|ARM64 = Release|ARM64
		Release|x64 = Release|x64
		Release|x86 = Release|x86
	EndGlobalSection
	GlobalSection(ProjectConfigurationPlatforms) = postSolution
		{90780B52-D8F1-4B92-8486-E4EF6506546A}.Debug|Any CPU.ActiveCfg = Debug|Any CPU
		{90780B52-D8F1-4B92-8486-E4EF6506546A}.Debug|Any CPU.Build.0 = Debug|Any CPU
		{90780B52-D8F1-4B92-8486-E4EF6506546A}.Debug|ARM.ActiveCfg = Debug|Any CPU
		{90780B52-D8F1-4B92-8486-E4EF6506546A}.Debug|ARM.Build.0 = Debug|Any CPU
		{90780B52-D8F1-4B92-8486-E4EF6506546A}.Debug|ARM64.ActiveCfg = Debug|Any CPU
		{90780B52-D8F1-4B92-8486-E4EF6506546A}.Debug|ARM64.Build.0 = Debug|Any CPU
		{90780B52-D8F1-4B92-8486-E4EF6506546A}.Debug|x64.ActiveCfg = Debug|Any CPU
		{90780B52-D8F1-4B92-8486-E4EF6506546A}.Debug|x64.Build.0 = Debug|Any CPU
		{90780B52-D8F1-4B92-8486-E4EF6506546A}.Debug|x86.ActiveCfg = Debug|Any CPU
		{90780B52-D8F1-4B92-8486-E4EF6506546A}.Debug|x86.Build.0 = Debug|Any CPU
		{90780B52-D8F1-4B92-8486-E4EF6506546A}.Release|Any CPU.ActiveCfg = Release|Any CPU
		{90780B52-D8F1-4B92-8486-E4EF6506546A}.Release|Any CPU.Build.0 = Release|Any CPU
		{90780B52-D8F1-4B92-8486-E4EF6506546A}.Release|ARM.ActiveCfg = Release|Any CPU
		{90780B52-D8F1-4B92-8486-E4EF6506546A}.Release|ARM.Build.0 = Release|Any CPU
		{90780B52-D8F1-4B92-8486-E4EF6506546A}.Release|ARM64.ActiveCfg = Release|Any CPU
		{90780B52-D8F1-4B92-8486-E4EF6506546A}.Release|ARM64.Build.0 = Release|Any CPU
		{90780B52-D8F1-4B92-8486-E4EF6506546A}.Release|x64.ActiveCfg = Release|Any CPU
		{90780B52-D8F1-4B92-8486-E4EF6506546A}.Release|x64.Build.0 = Release|Any CPU
		{90780B52-D8F1-4B92-8486-E4EF6506546A}.Release|x86.ActiveCfg = Release|Any CPU
		{90780B52-D8F1-4B92-8486-E4EF6506546A}.Release|x86.Build.0 = Release|Any CPU
		{64303177-6340-43B7-AE5C-26DFE2A80B2F}.Debug|Any CPU.ActiveCfg = Debug|Any CPU
		{64303177-6340-43B7-AE5C-26DFE2A80B2F}.Debug|Any CPU.Build.0 = Debug|Any CPU
		{64303177-6340-43B7-AE5C-26DFE2A80B2F}.Debug|Any CPU.Deploy.0 = Debug|Any CPU
		{64303177-6340-43B7-AE5C-26DFE2A80B2F}.Debug|ARM.ActiveCfg = Debug|ARM
		{64303177-6340-43B7-AE5C-26DFE2A80B2F}.Debug|ARM.Build.0 = Debug|ARM
		{64303177-6340-43B7-AE5C-26DFE2A80B2F}.Debug|ARM.Deploy.0 = Debug|ARM
		{64303177-6340-43B7-AE5C-26DFE2A80B2F}.Debug|ARM64.ActiveCfg = Debug|ARM64
		{64303177-6340-43B7-AE5C-26DFE2A80B2F}.Debug|ARM64.Build.0 = Debug|ARM64
		{64303177-6340-43B7-AE5C-26DFE2A80B2F}.Debug|ARM64.Deploy.0 = Debug|ARM64
		{64303177-6340-43B7-AE5C-26DFE2A80B2F}.Debug|x64.ActiveCfg = Debug|x64
		{64303177-6340-43B7-AE5C-26DFE2A80B2F}.Debug|x64.Build.0 = Debug|x64
		{64303177-6340-43B7-AE5C-26DFE2A80B2F}.Debug|x64.Deploy.0 = Debug|x64
		{64303177-6340-43B7-AE5C-26DFE2A80B2F}.Debug|x86.ActiveCfg = Debug|x86
		{64303177-6340-43B7-AE5C-26DFE2A80B2F}.Debug|x86.Build.0 = Debug|x86
		{64303177-6340-43B7-AE5C-26DFE2A80B2F}.Debug|x86.Deploy.0 = Debug|x86
		{64303177-6340-43B7-AE5C-26DFE2A80B2F}.Release|Any CPU.ActiveCfg = Release|Any CPU
		{64303177-6340-43B7-AE5C-26DFE2A80B2F}.Release|Any CPU.Build.0 = Release|Any CPU
		{64303177-6340-43B7-AE5C-26DFE2A80B2F}.Release|Any CPU.Deploy.0 = Release|Any CPU
		{64303177-6340-43B7-AE5C-26DFE2A80B2F}.Release|ARM.ActiveCfg = Release|ARM
		{64303177-6340-43B7-AE5C-26DFE2A80B2F}.Release|ARM.Build.0 = Release|ARM
		{64303177-6340-43B7-AE5C-26DFE2A80B2F}.Release|ARM.Deploy.0 = Release|ARM
		{64303177-6340-43B7-AE5C-26DFE2A80B2F}.Release|ARM64.ActiveCfg = Release|ARM64
		{64303177-6340-43B7-AE5C-26DFE2A80B2F}.Release|ARM64.Build.0 = Release|ARM64
		{64303177-6340-43B7-AE5C-26DFE2A80B2F}.Release|ARM64.Deploy.0 = Release|ARM64
		{64303177-6340-43B7-AE5C-26DFE2A80B2F}.Release|x64.ActiveCfg = Release|x64
		{64303177-6340-43B7-AE5C-26DFE2A80B2F}.Release|x64.Build.0 = Release|x64
		{64303177-6340-43B7-AE5C-26DFE2A80B2F}.Release|x64.Deploy.0 = Release|x64
		{64303177-6340-43B7-AE5C-26DFE2A80B2F}.Release|x86.ActiveCfg = Release|x86
		{64303177-6340-43B7-AE5C-26DFE2A80B2F}.Release|x86.Build.0 = Release|x86
		{64303177-6340-43B7-AE5C-26DFE2A80B2F}.Release|x86.Deploy.0 = Release|x86
	EndGlobalSection
	GlobalSection(SolutionProperties) = preSolution
		HideSolutionNode = FALSE
	EndGlobalSection
	GlobalSection(ExtensibilityGlobals) = postSolution
		SolutionGuid = {91F0680B-3BB2-4932-B131-3B8505A418ED}
	EndGlobalSection
EndGlobal
